
Microsoft Visual Studio Solution File, Format Version 12.00
# Visual Studio Version 16
VisualStudioVersion = 16.0.29123.88
MinimumVisualStudioVersion = 10.0.40219.1
Project("{FAE04EC0-301F-11D3-BF4B-00C04F79EFBC}") = "AutenticacaoAspNet", "AutenticacaoAspNet\AutenticacaoAspNet.csproj", "{3861410E-B38E-4B91-B3BD-C41D8A916C4E}"
EndProject
Global
	GlobalSection(SolutionConfigurationPlatforms) = preSolution
		Debug|Any CPU = Debug|Any CPU
		Release|Any CPU = Release|Any CPU
	EndGlobalSection
	GlobalSection(ProjectConfigurationPlatforms) = postSolution
		{3861410E-B38E-4B91-B3BD-C41D8A916C4E}.Debug|Any CPU.ActiveCfg = Debug|Any CPU
		{3861410E-B38E-4B91-B3BD-C41D8A916C4E}.Debug|Any CPU.Build.0 = Debug|Any CPU
		{3861410E-B38E-4B91-B3BD-C41D8A916C4E}.Release|Any CPU.ActiveCfg = Release|Any CPU
		{3861410E-B38E-4B91-B3BD-C41D8A916C4E}.Release|Any CPU.Build.0 = Release|Any CPU
	EndGlobalSection
	GlobalSection(SolutionProperties) = preSolution
		HideSolutionNode = FALSE
	EndGlobalSection
	GlobalSection(ExtensibilityGlobals) = postSolution
		SolutionGuid = {D47D311D-9F81-45BB-BC98-AB660DB28648}
	EndGlobalSection
EndGlobal
